
Microsoft Visual Studio Solution File, Format Version 12.00
# Visual Studio 2012
Project("{FAE04EC0-301F-11D3-BF4B-00C04F79EFBC}") = "mttb4", "mttb4\mttb4.csproj", "{985DD027-2627-409D-9BFB-41D82490BA27}"
EndProject
Global
	GlobalSection(SolutionConfigurationPlatforms) = preSolution
		Debug|Any CPU = Debug|Any CPU
		Release|Any CPU = Release|Any CPU
	EndGlobalSection
	GlobalSection(ProjectConfigurationPlatforms) = postSolution
		{985DD027-2627-409D-9BFB-41D82490BA27}.Debug|Any CPU.ActiveCfg = Debug|Any CPU
		{985DD027-2627-409D-9BFB-41D82490BA27}.Debug|Any CPU.Build.0 = Debug|Any CPU
		{985DD027-2627-409D-9BFB-41D82490BA27}.Release|Any CPU.ActiveCfg = Release|Any CPU
		{985DD027-2627-409D-9BFB-41D82490BA27}.Release|Any CPU.Build.0 = Release|Any CPU
	EndGlobalSection
	GlobalSection(SolutionProperties) = preSolution
		HideSolutionNode = FALSE
	EndGlobalSection
EndGlobal
